
Microsoft Visual Studio Solution File, Format Version 12.00
# Visual Studio 2012
VisualStudioVersion = 14.0.25123.0
MinimumVisualStudioVersion = 10.0.40219.1
Project("{2150E333-8FDC-42A3-9474-1A3956D46DE8}") = "android", "android", "{CA9FA036-1A33-4677-9E6A-74A598C692BB}"
EndProject
Project("{FAE04EC0-301F-11D3-BF4B-00C04F79EFBC}") = "bstrkr.android", "bstrkr.android\bstrkr.android.csproj", "{22F3D6B1-0526-4969-9675-4CCFD256148A}"
EndProject
Project("{FAE04EC0-301F-11D3-BF4B-00C04F79EFBC}") = "bstrkr.core.android", "bstrkr.core.android\bstrkr.core.android.csproj", "{158E30FA-BA5F-46E1-A4D2-B4A985C31858}"
EndProject
Project("{2150E333-8FDC-42A3-9474-1A3956D46DE8}") = "core", "core", "{55C066AB-A088-438F-BB9E-478AAD34E86A}"
EndProject
Project("{FAE04EC0-301F-11D3-BF4B-00C04F79EFBC}") = "bstrkr.core", "bstrkr.core\bstrkr.core.csproj", "{105E5C7F-04F5-497A-8559-1A8EC6B4EBFC}"
EndProject
Project("{FAE04EC0-301F-11D3-BF4B-00C04F79EFBC}") = "bstrkr.mvvm", "bstrkr.mvvm\bstrkr.mvvm.csproj", "{861E953B-14A8-4FCB-B69C-FAB7FEF2A828}"
EndProject
Project("{FAE04EC0-301F-11D3-BF4B-00C04F79EFBC}") = "bstrkr.providers", "bstrkr.providers\bstrkr.providers.csproj", "{FCD27C16-D592-46E6-9F83-2982C7DE3C12}"
EndProject
Project("{2150E333-8FDC-42A3-9474-1A3956D46DE8}") = "ios", "ios", "{455D1B3B-D8A6-43E6-84B1-D4B720C8FE06}"
EndProject
Project("{FAE04EC0-301F-11D3-BF4B-00C04F79EFBC}") = "bstrkr.ios", "bstrkr.ios\bstrkr.ios.csproj", "{9B782067-7B40-4ABA-8942-EF74C2274B5F}"
EndProject
Project("{FAE04EC0-301F-11D3-BF4B-00C04F79EFBC}") = "bstrkr.core.ios", "bstrkr.core.ios\bstrkr.core.ios.csproj", "{27677BB4-E809-4DCE-A964-2BB2152DE418}"
EndProject
Global
	GlobalSection(SolutionConfigurationPlatforms) = preSolution
		Ad-Hoc|Any CPU = Ad-Hoc|Any CPU
		Ad-Hoc|iPhone = Ad-Hoc|iPhone
		Ad-Hoc|iPhoneSimulator = Ad-Hoc|iPhoneSimulator
		AppStore|Any CPU = AppStore|Any CPU
		AppStore|iPhone = AppStore|iPhone
		AppStore|iPhoneSimulator = AppStore|iPhoneSimulator
		Debug|Any CPU = Debug|Any CPU
		Debug|iPhone = Debug|iPhone
		Debug|iPhoneSimulator = Debug|iPhoneSimulator
		Release|Any CPU = Release|Any CPU
		Release|iPhone = Release|iPhone
		Release|iPhoneSimulator = Release|iPhoneSimulator
	EndGlobalSection
	GlobalSection(ProjectConfigurationPlatforms) = postSolution
		{105E5C7F-04F5-497A-8559-1A8EC6B4EBFC}.Ad-Hoc|Any CPU.ActiveCfg = Release|Any CPU
		{105E5C7F-04F5-497A-8559-1A8EC6B4EBFC}.Ad-Hoc|iPhone.ActiveCfg = Debug|Any CPU
		{105E5C7F-04F5-497A-8559-1A8EC6B4EBFC}.Ad-Hoc|iPhone.Build.0 = Debug|Any CPU
		{105E5C7F-04F5-497A-8559-1A8EC6B4EBFC}.Ad-Hoc|iPhoneSimulator.ActiveCfg = Release|Any CPU
		{105E5C7F-04F5-497A-8559-1A8EC6B4EBFC}.AppStore|Any CPU.ActiveCfg = Release|Any CPU
		{105E5C7F-04F5-497A-8559-1A8EC6B4EBFC}.AppStore|iPhone.ActiveCfg = Debug|Any CPU
		{105E5C7F-04F5-497A-8559-1A8EC6B4EBFC}.AppStore|iPhone.Build.0 = Debug|Any CPU
		{105E5C7F-04F5-497A-8559-1A8EC6B4EBFC}.AppStore|iPhoneSimulator.ActiveCfg = Release|Any CPU
		{105E5C7F-04F5-497A-8559-1A8EC6B4EBFC}.Debug|Any CPU.ActiveCfg = Debug|Any CPU
		{105E5C7F-04F5-497A-8559-1A8EC6B4EBFC}.Debug|Any CPU.Build.0 = Debug|Any CPU
		{105E5C7F-04F5-497A-8559-1A8EC6B4EBFC}.Debug|iPhone.ActiveCfg = Debug|Any CPU
		{105E5C7F-04F5-497A-8559-1A8EC6B4EBFC}.Debug|iPhone.Build.0 = Debug|Any CPU
		{105E5C7F-04F5-497A-8559-1A8EC6B4EBFC}.Debug|iPhoneSimulator.ActiveCfg = Debug|Any CPU
		{105E5C7F-04F5-497A-8559-1A8EC6B4EBFC}.Debug|iPhoneSimulator.Build.0 = Debug|Any CPU
		{105E5C7F-04F5-497A-8559-1A8EC6B4EBFC}.Release|Any CPU.ActiveCfg = Release|Any CPU
		{105E5C7F-04F5-497A-8559-1A8EC6B4EBFC}.Release|Any CPU.Build.0 = Release|Any CPU
		{105E5C7F-04F5-497A-8559-1A8EC6B4EBFC}.Release|iPhone.ActiveCfg = Release|Any CPU
		{105E5C7F-04F5-497A-8559-1A8EC6B4EBFC}.Release|iPhone.Build.0 = Release|Any CPU
		{105E5C7F-04F5-497A-8559-1A8EC6B4EBFC}.Release|iPhoneSimulator.ActiveCfg = Release|Any CPU
		{105E5C7F-04F5-497A-8559-1A8EC6B4EBFC}.Release|iPhoneSimulator.Build.0 = Release|Any CPU
		{158E30FA-BA5F-46E1-A4D2-B4A985C31858}.Ad-Hoc|Any CPU.ActiveCfg = Debug|Any CPU
		{158E30FA-BA5F-46E1-A4D2-B4A985C31858}.Ad-Hoc|iPhone.ActiveCfg = Release|Any CPU
		{158E30FA-BA5F-46E1-A4D2-B4A985C31858}.Ad-Hoc|iPhone.Build.0 = Release|Any CPU
		{158E30FA-BA5F-46E1-A4D2-B4A985C31858}.Ad-Hoc|iPhoneSimulator.ActiveCfg = Debug|Any CPU
		{158E30FA-BA5F-46E1-A4D2-B4A985C31858}.AppStore|Any CPU.ActiveCfg = Debug|Any CPU
		{158E30FA-BA5F-46E1-A4D2-B4A985C31858}.AppStore|iPhone.ActiveCfg = Release|Any CPU
		{158E30FA-BA5F-46E1-A4D2-B4A985C31858}.AppStore|iPhone.Build.0 = Release|Any CPU
		{158E30FA-BA5F-46E1-A4D2-B4A985C31858}.AppStore|iPhoneSimulator.ActiveCfg = Debug|Any CPU
		{158E30FA-BA5F-46E1-A4D2-B4A985C31858}.Debug|Any CPU.ActiveCfg = Debug|Any CPU
		{158E30FA-BA5F-46E1-A4D2-B4A985C31858}.Debug|Any CPU.Build.0 = Debug|Any CPU
		{158E30FA-BA5F-46E1-A4D2-B4A985C31858}.Debug|iPhone.ActiveCfg = Debug|Any CPU
		{158E30FA-BA5F-46E1-A4D2-B4A985C31858}.Debug|iPhone.Build.0 = Debug|Any CPU
		{158E30FA-BA5F-46E1-A4D2-B4A985C31858}.Debug|iPhoneSimulator.ActiveCfg = Debug|Any CPU
		{158E30FA-BA5F-46E1-A4D2-B4A985C31858}.Debug|iPhoneSimulator.Build.0 = Debug|Any CPU
		{158E30FA-BA5F-46E1-A4D2-B4A985C31858}.Release|Any CPU.ActiveCfg = Release|Any CPU
		{158E30FA-BA5F-46E1-A4D2-B4A985C31858}.Release|Any CPU.Build.0 = Release|Any CPU
		{158E30FA-BA5F-46E1-A4D2-B4A985C31858}.Release|iPhone.ActiveCfg = Release|Any CPU
		{158E30FA-BA5F-46E1-A4D2-B4A985C31858}.Release|iPhone.Build.0 = Release|Any CPU
		{158E30FA-BA5F-46E1-A4D2-B4A985C31858}.Release|iPhoneSimulator.ActiveCfg = Release|Any CPU
		{158E30FA-BA5F-46E1-A4D2-B4A985C31858}.Release|iPhoneSimulator.Build.0 = Release|Any CPU
		{22F3D6B1-0526-4969-9675-4CCFD256148A}.Ad-Hoc|Any CPU.ActiveCfg = Release|Any CPU
		{22F3D6B1-0526-4969-9675-4CCFD256148A}.Ad-Hoc|iPhone.ActiveCfg = Debug|Any CPU
		{22F3D6B1-0526-4969-9675-4CCFD256148A}.Ad-Hoc|iPhone.Build.0 = Debug|Any CPU
		{22F3D6B1-0526-4969-9675-4CCFD256148A}.Ad-Hoc|iPhoneSimulator.ActiveCfg = Release|Any CPU
		{22F3D6B1-0526-4969-9675-4CCFD256148A}.AppStore|Any CPU.ActiveCfg = Release|Any CPU
		{22F3D6B1-0526-4969-9675-4CCFD256148A}.AppStore|iPhone.ActiveCfg = Debug|Any CPU
		{22F3D6B1-0526-4969-9675-4CCFD256148A}.AppStore|iPhone.Build.0 = Debug|Any CPU
		{22F3D6B1-0526-4969-9675-4CCFD256148A}.AppStore|iPhoneSimulator.ActiveCfg = Release|Any CPU
		{22F3D6B1-0526-4969-9675-4CCFD256148A}.Debug|Any CPU.ActiveCfg = Debug|Any CPU
		{22F3D6B1-0526-4969-9675-4CCFD256148A}.Debug|Any CPU.Build.0 = Debug|Any CPU
		{22F3D6B1-0526-4969-9675-4CCFD256148A}.Debug|Any CPU.Deploy.0 = Debug|Any CPU
		{22F3D6B1-0526-4969-9675-4CCFD256148A}.Debug|iPhone.ActiveCfg = Debug|Any CPU
		{22F3D6B1-0526-4969-9675-4CCFD256148A}.Debug|iPhone.Build.0 = Debug|Any CPU
		{22F3D6B1-0526-4969-9675-4CCFD256148A}.Debug|iPhoneSimulator.ActiveCfg = Debug|Any CPU
		{22F3D6B1-0526-4969-9675-4CCFD256148A}.Debug|iPhoneSimulator.Build.0 = Debug|Any CPU
		{22F3D6B1-0526-4969-9675-4CCFD256148A}.Release|Any CPU.ActiveCfg = Release|Any CPU
		{22F3D6B1-0526-4969-9675-4CCFD256148A}.Release|Any CPU.Build.0 = Release|Any CPU
		{22F3D6B1-0526-4969-9675-4CCFD256148A}.Release|iPhone.ActiveCfg = Release|Any CPU
		{22F3D6B1-0526-4969-9675-4CCFD256148A}.Release|iPhone.Build.0 = Release|Any CPU
		{22F3D6B1-0526-4969-9675-4CCFD256148A}.Release|iPhoneSimulator.ActiveCfg = Release|Any CPU
		{22F3D6B1-0526-4969-9675-4CCFD256148A}.Release|iPhoneSimulator.Build.0 = Release|Any CPU
		{27677BB4-E809-4DCE-A964-2BB2152DE418}.Ad-Hoc|Any CPU.ActiveCfg = Ad-Hoc|iPhone
		{27677BB4-E809-4DCE-A964-2BB2152DE418}.Ad-Hoc|iPhone.ActiveCfg = Ad-Hoc|iPhone
		{27677BB4-E809-4DCE-A964-2BB2152DE418}.Ad-Hoc|iPhone.Build.0 = Ad-Hoc|iPhone
		{27677BB4-E809-4DCE-A964-2BB2152DE418}.Ad-Hoc|iPhoneSimulator.ActiveCfg = Ad-Hoc|iPhone
		{27677BB4-E809-4DCE-A964-2BB2152DE418}.AppStore|Any CPU.ActiveCfg = AppStore|iPhone
		{27677BB4-E809-4DCE-A964-2BB2152DE418}.AppStore|iPhone.ActiveCfg = AppStore|iPhone
		{27677BB4-E809-4DCE-A964-2BB2152DE418}.AppStore|iPhone.Build.0 = AppStore|iPhone
		{27677BB4-E809-4DCE-A964-2BB2152DE418}.AppStore|iPhoneSimulator.ActiveCfg = AppStore|iPhone
		{27677BB4-E809-4DCE-A964-2BB2152DE418}.Debug|Any CPU.ActiveCfg = Debug|iPhoneSimulator
		{27677BB4-E809-4DCE-A964-2BB2152DE418}.Debug|Any CPU.Build.0 = Debug|iPhoneSimulator
		{27677BB4-E809-4DCE-A964-2BB2152DE418}.Debug|iPhone.ActiveCfg = Debug|iPhone
		{27677BB4-E809-4DCE-A964-2BB2152DE418}.Debug|iPhone.Build.0 = Debug|iPhone
		{27677BB4-E809-4DCE-A964-2BB2152DE418}.Debug|iPhoneSimulator.ActiveCfg = Debug|iPhoneSimulator
		{27677BB4-E809-4DCE-A964-2BB2152DE418}.Debug|iPhoneSimulator.Build.0 = Debug|iPhoneSimulator
		{27677BB4-E809-4DCE-A964-2BB2152DE418}.Release|Any CPU.ActiveCfg = Release|iPhoneSimulator
		{27677BB4-E809-4DCE-A964-2BB2152DE418}.Release|Any CPU.Build.0 = Release|iPhoneSimulator
		{27677BB4-E809-4DCE-A964-2BB2152DE418}.Release|iPhone.ActiveCfg = Release|iPhone
		{27677BB4-E809-4DCE-A964-2BB2152DE418}.Release|iPhone.Build.0 = Release|iPhone
		{27677BB4-E809-4DCE-A964-2BB2152DE418}.Release|iPhoneSimulator.ActiveCfg = Release|iPhoneSimulator
		{27677BB4-E809-4DCE-A964-2BB2152DE418}.Release|iPhoneSimulator.Build.0 = Release|iPhoneSimulator
		{861E953B-14A8-4FCB-B69C-FAB7FEF2A828}.Ad-Hoc|Any CPU.ActiveCfg = Release|Any CPU
		{861E953B-14A8-4FCB-B69C-FAB7FEF2A828}.Ad-Hoc|iPhone.ActiveCfg = Debug|Any CPU
		{861E953B-14A8-4FCB-B69C-FAB7FEF2A828}.Ad-Hoc|iPhone.Build.0 = Debug|Any CPU
		{861E953B-14A8-4FCB-B69C-FAB7FEF2A828}.Ad-Hoc|iPhoneSimulator.ActiveCfg = Release|Any CPU
		{861E953B-14A8-4FCB-B69C-FAB7FEF2A828}.AppStore|Any CPU.ActiveCfg = Release|Any CPU
		{861E953B-14A8-4FCB-B69C-FAB7FEF2A828}.AppStore|iPhone.ActiveCfg = Debug|Any CPU
		{861E953B-14A8-4FCB-B69C-FAB7FEF2A828}.AppStore|iPhone.Build.0 = Debug|Any CPU
		{861E953B-14A8-4FCB-B69C-FAB7FEF2A828}.AppStore|iPhoneSimulator.ActiveCfg = Release|Any CPU
		{861E953B-14A8-4FCB-B69C-FAB7FEF2A828}.Debug|Any CPU.ActiveCfg = Debug|Any CPU
		{861E953B-14A8-4FCB-B69C-FAB7FEF2A828}.Debug|Any CPU.Build.0 = Debug|Any CPU
		{861E953B-14A8-4FCB-B69C-FAB7FEF2A828}.Debug|iPhone.ActiveCfg = Debug|Any CPU
		{861E953B-14A8-4FCB-B69C-FAB7FEF2A828}.Debug|iPhone.Build.0 = Debug|Any CPU
		{861E953B-14A8-4FCB-B69C-FAB7FEF2A828}.Debug|iPhoneSimulator.ActiveCfg = Debug|Any CPU
		{861E953B-14A8-4FCB-B69C-FAB7FEF2A828}.Debug|iPhoneSimulator.Build.0 = Debug|Any CPU
		{861E953B-14A8-4FCB-B69C-FAB7FEF2A828}.Release|Any CPU.ActiveCfg = Release|Any CPU
		{861E953B-14A8-4FCB-B69C-FAB7FEF2A828}.Release|Any CPU.Build.0 = Release|Any CPU
		{861E953B-14A8-4FCB-B69C-FAB7FEF2A828}.Release|iPhone.ActiveCfg = Release|Any CPU
		{861E953B-14A8-4FCB-B69C-FAB7FEF2A828}.Release|iPhone.Build.0 = Release|Any CPU
		{861E953B-14A8-4FCB-B69C-FAB7FEF2A828}.Release|iPhoneSimulator.ActiveCfg = Release|Any CPU
		{861E953B-14A8-4FCB-B69C-FAB7FEF2A828}.Release|iPhoneSimulator.Build.0 = Release|Any CPU
		{9B782067-7B40-4ABA-8942-EF74C2274B5F}.Ad-Hoc|Any CPU.ActiveCfg = Ad-Hoc|iPhone
		{9B782067-7B40-4ABA-8942-EF74C2274B5F}.Ad-Hoc|iPhone.ActiveCfg = Ad-Hoc|iPhone
		{9B782067-7B40-4ABA-8942-EF74C2274B5F}.Ad-Hoc|iPhone.Build.0 = Ad-Hoc|iPhone
		{9B782067-7B40-4ABA-8942-EF74C2274B5F}.Ad-Hoc|iPhoneSimulator.ActiveCfg = Ad-Hoc|iPhone
		{9B782067-7B40-4ABA-8942-EF74C2274B5F}.AppStore|Any CPU.ActiveCfg = AppStore|iPhone
		{9B782067-7B40-4ABA-8942-EF74C2274B5F}.AppStore|iPhone.ActiveCfg = AppStore|iPhone
		{9B782067-7B40-4ABA-8942-EF74C2274B5F}.AppStore|iPhone.Build.0 = AppStore|iPhone
		{9B782067-7B40-4ABA-8942-EF74C2274B5F}.AppStore|iPhoneSimulator.ActiveCfg = AppStore|iPhone
		{9B782067-7B40-4ABA-8942-EF74C2274B5F}.Debug|Any CPU.ActiveCfg = Debug|iPhoneSimulator
		{9B782067-7B40-4ABA-8942-EF74C2274B5F}.Debug|Any CPU.Build.0 = Debug|iPhoneSimulator
		{9B782067-7B40-4ABA-8942-EF74C2274B5F}.Debug|iPhone.ActiveCfg = Debug|iPhone
		{9B782067-7B40-4ABA-8942-EF74C2274B5F}.Debug|iPhone.Build.0 = Debug|iPhone
		{9B782067-7B40-4ABA-8942-EF74C2274B5F}.Debug|iPhoneSimulator.ActiveCfg = Debug|iPhoneSimulator
		{9B782067-7B40-4ABA-8942-EF74C2274B5F}.Debug|iPhoneSimulator.Build.0 = Debug|iPhoneSimulator
		{9B782067-7B40-4ABA-8942-EF74C2274B5F}.Release|Any CPU.ActiveCfg = Release|iPhoneSimulator
		{9B782067-7B40-4ABA-8942-EF74C2274B5F}.Release|Any CPU.Build.0 = Release|iPhoneSimulator
		{9B782067-7B40-4ABA-8942-EF74C2274B5F}.Release|iPhone.ActiveCfg = Release|iPhone
		{9B782067-7B40-4ABA-8942-EF74C2274B5F}.Release|iPhone.Build.0 = Release|iPhone
		{9B782067-7B40-4ABA-8942-EF74C2274B5F}.Release|iPhoneSimulator.ActiveCfg = Release|iPhoneSimulator
		{9B782067-7B40-4ABA-8942-EF74C2274B5F}.Release|iPhoneSimulator.Build.0 = Release|iPhoneSimulator
		{FCD27C16-D592-46E6-9F83-2982C7DE3C12}.Ad-Hoc|Any CPU.ActiveCfg = Release|Any CPU
		{FCD27C16-D592-46E6-9F83-2982C7DE3C12}.Ad-Hoc|iPhone.ActiveCfg = Debug|Any CPU
		{FCD27C16-D592-46E6-9F83-2982C7DE3C12}.Ad-Hoc|iPhone.Build.0 = Debug|Any CPU
		{FCD27C16-D592-46E6-9F83-2982C7DE3C12}.Ad-Hoc|iPhoneSimulator.ActiveCfg = Release|Any CPU
		{FCD27C16-D592-46E6-9F83-2982C7DE3C12}.AppStore|Any CPU.ActiveCfg = Release|Any CPU
		{FCD27C16-D592-46E6-9F83-2982C7DE3C12}.AppStore|iPhone.ActiveCfg = Debug|Any CPU
		{FCD27C16-D592-46E6-9F83-2982C7DE3C12}.AppStore|iPhone.Build.0 = Debug|Any CPU
		{FCD27C16-D592-46E6-9F83-2982C7DE3C12}.AppStore|iPhoneSimulator.ActiveCfg = Release|Any CPU
		{FCD27C16-D592-46E6-9F83-2982C7DE3C12}.Debug|Any CPU.ActiveCfg = Debug|Any CPU
		{FCD27C16-D592-46E6-9F83-2982C7DE3C12}.Debug|Any CPU.Build.0 = Debug|Any CPU
		{FCD27C16-D592-46E6-9F83-2982C7DE3C12}.Debug|iPhone.ActiveCfg = Debug|Any CPU
		{FCD27C16-D592-46E6-9F83-2982C7DE3C12}.Debug|iPhone.Build.0 = Debug|Any CPU
		{FCD27C16-D592-46E6-9F83-2982C7DE3C12}.Debug|iPhoneSimulator.ActiveCfg = Debug|Any CPU
		{FCD27C16-D592-46E6-9F83-2982C7DE3C12}.Debug|iPhoneSimulator.Build.0 = Debug|Any CPU
		{FCD27C16-D592-46E6-9F83-2982C7DE3C12}.Release|Any CPU.ActiveCfg = Release|Any CPU
		{FCD27C16-D592-46E6-9F83-2982C7DE3C12}.Release|Any CPU.Build.0 = Release|Any CPU
		{FCD27C16-D592-46E6-9F83-2982C7DE3C12}.Release|iPhone.ActiveCfg = Release|Any CPU
		{FCD27C16-D592-46E6-9F83-2982C7DE3C12}.Release|iPhone.Build.0 = Release|Any CPU
		{FCD27C16-D592-46E6-9F83-2982C7DE3C12}.Release|iPhoneSimulator.ActiveCfg = Release|Any CPU
		{FCD27C16-D592-46E6-9F83-2982C7DE3C12}.Release|iPhoneSimulator.Build.0 = Release|Any CPU
	EndGlobalSection
	GlobalSection(NestedProjects) = preSolution
		{22F3D6B1-0526-4969-9675-4CCFD256148A} = {CA9FA036-1A33-4677-9E6A-74A598C692BB}
		{158E30FA-BA5F-46E1-A4D2-B4A985C31858} = {CA9FA036-1A33-4677-9E6A-74A598C692BB}
		{105E5C7F-04F5-497A-8559-1A8EC6B4EBFC} = {55C066AB-A088-438F-BB9E-478AAD34E86A}
		{861E953B-14A8-4FCB-B69C-FAB7FEF2A828} = {55C066AB-A088-438F-BB9E-478AAD34E86A}
		{FCD27C16-D592-46E6-9F83-2982C7DE3C12} = {55C066AB-A088-438F-BB9E-478AAD34E86A}
		{9B782067-7B40-4ABA-8942-EF74C2274B5F} = {455D1B3B-D8A6-43E6-84B1-D4B720C8FE06}
		{27677BB4-E809-4DCE-A964-2BB2152DE418} = {455D1B3B-D8A6-43E6-84B1-D4B720C8FE06}
	EndGlobalSection
	GlobalSection(SolutionProperties) = preSolution
		HideSolutionNode = FALSE
	EndGlobalSection
EndGlobal
